
Microsoft Visual Studio Solution File, Format Version 12.00
# Visual Studio Version 17
VisualStudioVersion = 17.7.34221.43
MinimumVisualStudioVersion = 10.0.40219.1
Project("{FAE04EC0-301F-11D3-BF4B-00C04F79EFBC}") = "ProjectPortalSubmission", "ProjectPortalSubmission\ProjectPortalSubmission.csproj", "{5AF9CF2C-7419-4EFB-B669-CD83B701AFFF}"
EndProject
Global
	GlobalSection(SolutionConfigurationPlatforms) = preSolution
		Debug|Any CPU = Debug|Any CPU
		Release|Any CPU = Release|Any CPU
	EndGlobalSection
	GlobalSection(ProjectConfigurationPlatforms) = postSolution
		{5AF9CF2C-7419-4EFB-B669-CD83B701AFFF}.Debug|Any CPU.ActiveCfg = Debug|Any CPU
		{5AF9CF2C-7419-4EFB-B669-CD83B701AFFF}.Debug|Any CPU.Build.0 = Debug|Any CPU
		{5AF9CF2C-7419-4EFB-B669-CD83B701AFFF}.Release|Any CPU.ActiveCfg = Release|Any CPU
		{5AF9CF2C-7419-4EFB-B669-CD83B701AFFF}.Release|Any CPU.Build.0 = Release|Any CPU
	EndGlobalSection
	GlobalSection(SolutionProperties) = preSolution
		HideSolutionNode = FALSE
	EndGlobalSection
	GlobalSection(ExtensibilityGlobals) = postSolution
		SolutionGuid = {1A976C36-0B01-40F7-9DC9-116FD5B4F2D8}
	EndGlobalSection
EndGlobal
